
Microsoft Visual Studio Solution File, Format Version 10.00
# Visual Studio 2008
Project("{FAE04EC0-301F-11D3-BF4B-00C04F79EFBC}") = "MSTE", "MSTE.csproj", "{A83F4F2F-85ED-4C48-91F9-D14B690900AB}"
EndProject
Global
	GlobalSection(SolutionConfigurationPlatforms) = preSolution
		Debug|Any CPU = Debug|Any CPU
		Release|Any CPU = Release|Any CPU
	EndGlobalSection
	GlobalSection(ProjectConfigurationPlatforms) = postSolution
		{A83F4F2F-85ED-4C48-91F9-D14B690900AB}.Debug|Any CPU.ActiveCfg = Debug|Any CPU
		{A83F4F2F-85ED-4C48-91F9-D14B690900AB}.Debug|Any CPU.Build.0 = Debug|Any CPU
		{A83F4F2F-85ED-4C48-91F9-D14B690900AB}.Release|Any CPU.ActiveCfg = Release|Any CPU
		{A83F4F2F-85ED-4C48-91F9-D14B690900AB}.Release|Any CPU.Build.0 = Release|Any CPU
	EndGlobalSection
	GlobalSection(SolutionProperties) = preSolution
		HideSolutionNode = FALSE
	EndGlobalSection
EndGlobal
