// !$*UTF8*$!
{
	archiveVersion = 1;
	classes = {
	};
	objectVersion = 46;
	objects = {

/* Begin PBXBuildFile section */
		86D92D5C16B6720E00519407 /* Foundation.framework in Frameworks */ = {isa = PBXBuildFile; fileRef = 86D92D5B16B6720E00519407 /* Foundation.framework */; };
		86D92D5F16B6720E00519407 /* main.m in Sources */ = {isa = PBXBuildFile; fileRef = 86D92D5E16B6720E00519407 /* main.m */; };
		86D92D6316B6720E00519407 /* MSTEDemo.1 in CopyFiles */ = {isa = PBXBuildFile; fileRef = 86D92D6216B6720E00519407 /* MSTEDemo.1 */; };
		86D92D6A16B6723600519407 /* MSTEncoder.framework in Frameworks */ = {isa = PBXBuildFile; fileRef = 86D92D6916B6723600519407 /* MSTEncoder.framework */; };
/* End PBXBuildFile section */

/* Begin PBXCopyFilesBuildPhase section */
		86D92D5516B6720E00519407 /* CopyFiles */ = {
			isa = PBXCopyFilesBuildPhase;
			buildActionMask = 2147483647;
			dstPath = /usr/share/man/man1/;
			dstSubfolderSpec = 0;
			files = (
				86D92D6316B6720E00519407 /* MSTEDemo.1 in CopyFiles */,
			);
			runOnlyForDeploymentPostprocessing = 1;
		};
/* End PBXCopyFilesBuildPhase section */

/* Begin PBXFileReference section */
		86D92D5716B6720E00519407 /* MSTEDemo */ = {isa = PBXFileReference; explicitFileType = "compiled.mach-o.executable"; includeInIndex = 0; path = MSTEDemo; sourceTree = BUILT_PRODUCTS_DIR; };
		86D92D5B16B6720E00519407 /* Foundation.framework */ = {isa = PBXFileReference; lastKnownFileType = wrapper.framework; name = Foundation.framework; path = System/Library/Frameworks/Foundation.framework; sourceTree = SDKROOT; };
		86D92D5E16B6720E00519407 /* main.m */ = {isa = PBXFileReference; lastKnownFileType = sourcecode.c.objc; path = main.m; sourceTree = "<group>"; };
		86D92D6116B6720E00519407 /* MSTEDemo-Prefix.pch */ = {isa = PBXFileReference; lastKnownFileType = sourcecode.c.h; path = "MSTEDemo-Prefix.pch"; sourceTree = "<group>"; };
		86D92D6216B6720E00519407 /* MSTEDemo.1 */ = {isa = PBXFileReference; lastKnownFileType = text.man; path = MSTEDemo.1; sourceTree = "<group>"; };
		86D92D6916B6723600519407 /* MSTEncoder.framework */ = {isa = PBXFileReference; lastKnownFileType = wrapper.framework; name = MSTEncoder.framework; path = /Library/Frameworks/MSTEncoder.framework; sourceTree = "<absolute>"; };
/* End PBXFileReference section */

/* Begin PBXFrameworksBuildPhase section */
		86D92D5416B6720E00519407 /* Frameworks */ = {
			isa = PBXFrameworksBuildPhase;
			buildActionMask = 2147483647;
			files = (
				86D92D5C16B6720E00519407 /* Foundation.framework in Frameworks */,
				86D92D6A16B6723600519407 /* MSTEncoder.framework in Frameworks */,
			);
			runOnlyForDeploymentPostprocessing = 0;
		};
/* End PBXFrameworksBuildPhase section */

/* Begin PBXGroup section */
		86D92D4C16B6720E00519407 = {
			isa = PBXGroup;
			children = (
				86D92D5D16B6720E00519407 /* MSTEDemo */,
				86D92D5A16B6720E00519407 /* Frameworks */,
				86D92D5816B6720E00519407 /* Products */,
			);
			sourceTree = "<group>";
		};
		86D92D5816B6720E00519407 /* Products */ = {
			isa = PBXGroup;
			children = (
				86D92D5716B6720E00519407 /* MSTEDemo */,
			);
			name = Products;
			sourceTree = "<group>";
		};
		86D92D5A16B6720E00519407 /* Frameworks */ = {
			isa = PBXGroup;
			children = (
				86D92D5B16B6720E00519407 /* Foundation.framework */,
				86D92D6916B6723600519407 /* MSTEncoder.framework */,
			);
			name = Frameworks;
			sourceTree = "<group>";
		};
		86D92D5D16B6720E00519407 /* MSTEDemo */ = {
			isa = PBXGroup;
			children = (
				86D92D5E16B6720E00519407 /* main.m */,
				86D92D6216B6720E00519407 /* MSTEDemo.1 */,
				86D92D6016B6720E00519407 /* Supporting Files */,
			);
			path = MSTEDemo;
			sourceTree = "<group>";
		};
		86D92D6016B6720E00519407 /* Supporting Files */ = {
			isa = PBXGroup;
			children = (
				86D92D6116B6720E00519407 /* MSTEDemo-Prefix.pch */,
			);
			name = "Supporting Files";
			sourceTree = "<group>";
		};
/* End PBXGroup section */

/* Begin PBXNativeTarget section */
		86D92D5616B6720E00519407 /* MSTEDemo */ = {
			isa = PBXNativeTarget;
			buildConfigurationList = 86D92D6616B6720E00519407 /* Build configuration list for PBXNativeTarget "MSTEDemo" */;
			buildPhases = (
				86D92D5316B6720E00519407 /* Sources */,
				86D92D5416B6720E00519407 /* Frameworks */,
				86D92D5516B6720E00519407 /* CopyFiles */,
			);
			buildRules = (
			);
			dependencies = (
			);
			name = MSTEDemo;
			productName = MSTEDemo;
			productReference = 86D92D5716B6720E00519407 /* MSTEDemo */;
			productType = "com.apple.product-type.tool";
		};
/* End PBXNativeTarget section */

/* Begin PBXProject section */
		86D92D4E16B6720E00519407 /* Project object */ = {
			isa = PBXProject;
			attributes = {
				LastUpgradeCheck = 0450;
				ORGANIZATIONNAME = Logitud;
			};
			buildConfigurationList = 86D92D5116B6720E00519407 /* Build configuration list for PBXProject "MSTEDemo" */;
			compatibilityVersion = "Xcode 3.2";
			developmentRegion = English;
			hasScannedForEncodings = 0;
			knownRegions = (
				en,
			);
			mainGroup = 86D92D4C16B6720E00519407;
			productRefGroup = 86D92D5816B6720E00519407 /* Products */;
			projectDirPath = "";
			projectRoot = "";
			targets = (
				86D92D5616B6720E00519407 /* MSTEDemo */,
			);
		};
/* End PBXProject section */

/* Begin PBXSourcesBuildPhase section */
		86D92D5316B6720E00519407 /* Sources */ = {
			isa = PBXSourcesBuildPhase;
			buildActionMask = 2147483647;
			files = (
				86D92D5F16B6720E00519407 /* main.m in Sources */,
			);
			runOnlyForDeploymentPostprocessing = 0;
		};
/* End PBXSourcesBuildPhase section */

/* Begin XCBuildConfiguration section */
		86D92D6416B6720E00519407 /* Debug */ = {
			isa = XCBuildConfiguration;
			buildSettings = {
				ALWAYS_SEARCH_USER_PATHS = NO;
				ARCHS = "$(ARCHS_STANDARD_32_64_BIT)";
				CLANG_CXX_LANGUAGE_STANDARD = "gnu++0x";
				CLANG_CXX_LIBRARY = "libc++";
				CLANG_WARN_EMPTY_BODY = YES;
				CLANG_WARN__DUPLICATE_METHOD_MATCH = YES;
				COPY_PHASE_STRIP = NO;
				FRAMEWORK_SEARCH_PATHS = "/Library/Frameworks/**";
				GCC_C_LANGUAGE_STANDARD = gnu99;
				GCC_DYNAMIC_NO_PIC = NO;
				GCC_ENABLE_OBJC_EXCEPTIONS = YES;
				GCC_OPTIMIZATION_LEVEL = 0;
				GCC_PREPROCESSOR_DEFINITIONS = (
					"DEBUG=1",
					"$(inherited)",
				);
				GCC_SYMBOLS_PRIVATE_EXTERN = NO;
				GCC_WARN_64_TO_32_BIT_CONVERSION = YES;
				GCC_WARN_ABOUT_RETURN_TYPE = YES;
				GCC_WARN_UNINITIALIZED_AUTOS = YES;
				GCC_WARN_UNUSED_VARIABLE = YES;
				MACOSX_DEPLOYMENT_TARGET = 10.7;
				ONLY_ACTIVE_ARCH = YES;
				SDKROOT = macosx10.7;
			};
			name = Debug;
		};
		86D92D6516B6720E00519407 /* Release */ = {
			isa = XCBuildConfiguration;
			buildSettings = {
				ALWAYS_SEARCH_USER_PATHS = NO;
				ARCHS = "$(ARCHS_STANDARD_32_64_BIT)";
				CLANG_CXX_LANGUAGE_STANDARD = "gnu++0x";
				CLANG_CXX_LIBRARY = "libc++";
				CLANG_WARN_EMPTY_BODY = YES;
				CLANG_WARN__DUPLICATE_METHOD_MATCH = YES;
				COPY_PHASE_STRIP = YES;
				DEBUG_INFORMATION_FORMAT = "dwarf-with-dsym";
				FRAMEWORK_SEARCH_PATHS = "/Library/Frameworks/**";
				GCC_C_LANGUAGE_STANDARD = gnu99;
				GCC_ENABLE_OBJC_EXCEPTIONS = YES;
				GCC_WARN_64_TO_32_BIT_CONVERSION = YES;
				GCC_WARN_ABOUT_RETURN_TYPE = YES;
				GCC_WARN_UNINITIALIZED_AUTOS = YES;
				GCC_WARN_UNUSED_VARIABLE = YES;
				MACOSX_DEPLOYMENT_TARGET = 10.7;
				SDKROOT = macosx10.7;
			};
			name = Release;
		};
		86D92D6716B6720E00519407 /* Debug */ = {
			isa = XCBuildConfiguration;
			buildSettings = {
				GCC_PRECOMPILE_PREFIX_HEADER = YES;
				GCC_PREFIX_HEADER = "MSTEDemo/MSTEDemo-Prefix.pch";
				PRODUCT_NAME = "$(TARGET_NAME)";
			};
			name = Debug;
		};
		86D92D6816B6720E00519407 /* Release */ = {
			isa = XCBuildConfiguration;
			buildSettings = {
				GCC_PRECOMPILE_PREFIX_HEADER = YES;
				GCC_PREFIX_HEADER = "MSTEDemo/MSTEDemo-Prefix.pch";
				PRODUCT_NAME = "$(TARGET_NAME)";
			};
			name = Release;
		};
/* End XCBuildConfiguration section */

/* Begin XCConfigurationList section */
		86D92D5116B6720E00519407 /* Build configuration list for PBXProject "MSTEDemo" */ = {
			isa = XCConfigurationList;
			buildConfigurations = (
				86D92D6416B6720E00519407 /* Debug */,
				86D92D6516B6720E00519407 /* Release */,
			);
			defaultConfigurationIsVisible = 0;
			defaultConfigurationName = Release;
		};
		86D92D6616B6720E00519407 /* Build configuration list for PBXNativeTarget "MSTEDemo" */ = {
			isa = XCConfigurationList;
			buildConfigurations = (
				86D92D6716B6720E00519407 /* Debug */,
				86D92D6816B6720E00519407 /* Release */,
			);
			defaultConfigurationIsVisible = 0;
			defaultConfigurationName = Release;
		};
/* End XCConfigurationList section */
	};
	rootObject = 86D92D4E16B6720E00519407 /* Project object */;
}
