// !$*UTF8*$!
{
	archiveVersion = 1;
	classes = {
	};
	objectVersion = 46;
	objects = {

/* Begin PBXBuildFile section */
		8600487816B681C000B0ED00 /* MSTETypes.h in Headers */ = {isa = PBXBuildFile; fileRef = 8600487716B681C000B0ED00 /* MSTETypes.h */; settings = {ATTRIBUTES = (Public, ); }; };
		8600488016B6BF4200B0ED00 /* MSCouple.h in Headers */ = {isa = PBXBuildFile; fileRef = 8600487C16B6BF4100B0ED00 /* MSCouple.h */; settings = {ATTRIBUTES = (Public, ); }; };
		8600488116B6BF4200B0ED00 /* MSCouple.m in Sources */ = {isa = PBXBuildFile; fileRef = 8600487D16B6BF4200B0ED00 /* MSCouple.m */; };
		864DB68A16B674B600DD3FA1 /* MSTDecoder.h in Headers */ = {isa = PBXBuildFile; fileRef = 864DB68816B674B600DD3FA1 /* MSTDecoder.h */; settings = {ATTRIBUTES = (Public, ); }; };
		864DB68B16B674B600DD3FA1 /* MSTDecoder.m in Sources */ = {isa = PBXBuildFile; fileRef = 864DB68916B674B600DD3FA1 /* MSTDecoder.m */; };
		86D92D1916B66F5E00519407 /* InfoPlist.strings in Resources */ = {isa = PBXBuildFile; fileRef = 86D92D1716B66F5E00519407 /* InfoPlist.strings */; };
		86D92D1D16B66F5E00519407 /* MSTEncoder.m in Sources */ = {isa = PBXBuildFile; fileRef = 86D92D1C16B66F5E00519407 /* MSTEncoder.m */; };
		86D92D2916B6704800519407 /* Foundation.framework in Frameworks */ = {isa = PBXBuildFile; fileRef = 86D92D2816B6704800519407 /* Foundation.framework */; };
		86EC126716B6736A0071C7DE /* MSTEncoder.h in Headers */ = {isa = PBXBuildFile; fileRef = 86D92D1B16B66F5E00519407 /* MSTEncoder.h */; settings = {ATTRIBUTES = (Public, ); }; };
		86F9928316B7CCD500EF8BC8 /* MSObjectAdditions.h in Headers */ = {isa = PBXBuildFile; fileRef = 86F9928116B7CCD500EF8BC8 /* MSObjectAdditions.h */; settings = {ATTRIBUTES = (Public, ); }; };
		86F9928416B7CCD500EF8BC8 /* MSObjectAdditions.m in Sources */ = {isa = PBXBuildFile; fileRef = 86F9928216B7CCD500EF8BC8 /* MSObjectAdditions.m */; };
		86F9928916B7E0E800EF8BC8 /* _MSColorPrivate.h in Headers */ = {isa = PBXBuildFile; fileRef = 86F9928616B7E0E700EF8BC8 /* _MSColorPrivate.h */; settings = {ATTRIBUTES = (Public, ); }; };
		86F9928A16B7E0E800EF8BC8 /* MSColor.h in Headers */ = {isa = PBXBuildFile; fileRef = 86F9928716B7E0E700EF8BC8 /* MSColor.h */; settings = {ATTRIBUTES = (Public, ); }; };
		86F9928B16B7E0E800EF8BC8 /* MSColor.m in Sources */ = {isa = PBXBuildFile; fileRef = 86F9928816B7E0E800EF8BC8 /* MSColor.m */; };
/* End PBXBuildFile section */

/* Begin PBXFileReference section */
		8600487716B681C000B0ED00 /* MSTETypes.h */ = {isa = PBXFileReference; fileEncoding = 4; lastKnownFileType = sourcecode.c.h; path = MSTETypes.h; sourceTree = "<group>"; };
		8600487C16B6BF4100B0ED00 /* MSCouple.h */ = {isa = PBXFileReference; fileEncoding = 4; lastKnownFileType = sourcecode.c.h; path = MSCouple.h; sourceTree = "<group>"; };
		8600487D16B6BF4200B0ED00 /* MSCouple.m */ = {isa = PBXFileReference; fileEncoding = 4; lastKnownFileType = sourcecode.c.objc; path = MSCouple.m; sourceTree = "<group>"; };
		864DB68816B674B600DD3FA1 /* MSTDecoder.h */ = {isa = PBXFileReference; fileEncoding = 4; lastKnownFileType = sourcecode.c.h; path = MSTDecoder.h; sourceTree = "<group>"; };
		864DB68916B674B600DD3FA1 /* MSTDecoder.m */ = {isa = PBXFileReference; fileEncoding = 4; lastKnownFileType = sourcecode.c.objc; path = MSTDecoder.m; sourceTree = "<group>"; };
		86D92D0B16B66F5E00519407 /* MSTEncoder.framework */ = {isa = PBXFileReference; explicitFileType = wrapper.framework; includeInIndex = 0; path = MSTEncoder.framework; sourceTree = BUILT_PRODUCTS_DIR; };
		86D92D1616B66F5E00519407 /* MSTEncoder-Info.plist */ = {isa = PBXFileReference; lastKnownFileType = text.plist.xml; path = "MSTEncoder-Info.plist"; sourceTree = "<group>"; };
		86D92D1816B66F5E00519407 /* en */ = {isa = PBXFileReference; lastKnownFileType = text.plist.strings; name = en; path = en.lproj/InfoPlist.strings; sourceTree = "<group>"; };
		86D92D1A16B66F5E00519407 /* MSTEncoder-Prefix.pch */ = {isa = PBXFileReference; lastKnownFileType = sourcecode.c.h; path = "MSTEncoder-Prefix.pch"; sourceTree = "<group>"; };
		86D92D1B16B66F5E00519407 /* MSTEncoder.h */ = {isa = PBXFileReference; lastKnownFileType = sourcecode.c.h; path = MSTEncoder.h; sourceTree = "<group>"; };
		86D92D1C16B66F5E00519407 /* MSTEncoder.m */ = {isa = PBXFileReference; lastKnownFileType = sourcecode.c.objc; path = MSTEncoder.m; sourceTree = "<group>"; };
		86D92D2816B6704800519407 /* Foundation.framework */ = {isa = PBXFileReference; lastKnownFileType = wrapper.framework; name = Foundation.framework; path = System/Library/Frameworks/Foundation.framework; sourceTree = SDKROOT; };
		86F9928116B7CCD500EF8BC8 /* MSObjectAdditions.h */ = {isa = PBXFileReference; fileEncoding = 4; lastKnownFileType = sourcecode.c.h; path = MSObjectAdditions.h; sourceTree = "<group>"; };
		86F9928216B7CCD500EF8BC8 /* MSObjectAdditions.m */ = {isa = PBXFileReference; fileEncoding = 4; lastKnownFileType = sourcecode.c.objc; path = MSObjectAdditions.m; sourceTree = "<group>"; };
		86F9928616B7E0E700EF8BC8 /* _MSColorPrivate.h */ = {isa = PBXFileReference; fileEncoding = 4; lastKnownFileType = sourcecode.c.h; path = _MSColorPrivate.h; sourceTree = "<group>"; };
		86F9928716B7E0E700EF8BC8 /* MSColor.h */ = {isa = PBXFileReference; fileEncoding = 4; lastKnownFileType = sourcecode.c.h; path = MSColor.h; sourceTree = "<group>"; };
		86F9928816B7E0E800EF8BC8 /* MSColor.m */ = {isa = PBXFileReference; fileEncoding = 4; lastKnownFileType = sourcecode.c.objc; path = MSColor.m; sourceTree = "<group>"; };
/* End PBXFileReference section */

/* Begin PBXFrameworksBuildPhase section */
		86D92D0716B66F5E00519407 /* Frameworks */ = {
			isa = PBXFrameworksBuildPhase;
			buildActionMask = 2147483647;
			files = (
				86D92D2916B6704800519407 /* Foundation.framework in Frameworks */,
			);
			runOnlyForDeploymentPostprocessing = 0;
		};
/* End PBXFrameworksBuildPhase section */

/* Begin PBXGroup section */
		86D92CFF16B66F5E00519407 = {
			isa = PBXGroup;
			children = (
				86D92D1416B66F5E00519407 /* MSTEncoder */,
				86D92D0D16B66F5E00519407 /* Frameworks */,
				86D92D0C16B66F5E00519407 /* Products */,
			);
			sourceTree = "<group>";
		};
		86D92D0C16B66F5E00519407 /* Products */ = {
			isa = PBXGroup;
			children = (
				86D92D0B16B66F5E00519407 /* MSTEncoder.framework */,
			);
			name = Products;
			sourceTree = "<group>";
		};
		86D92D0D16B66F5E00519407 /* Frameworks */ = {
			isa = PBXGroup;
			children = (
				86D92D2816B6704800519407 /* Foundation.framework */,
			);
			name = Frameworks;
			sourceTree = "<group>";
		};
		86D92D1416B66F5E00519407 /* MSTEncoder */ = {
			isa = PBXGroup;
			children = (
				86F9928616B7E0E700EF8BC8 /* _MSColorPrivate.h */,
				86F9928716B7E0E700EF8BC8 /* MSColor.h */,
				86F9928816B7E0E800EF8BC8 /* MSColor.m */,
				86F9928116B7CCD500EF8BC8 /* MSObjectAdditions.h */,
				86F9928216B7CCD500EF8BC8 /* MSObjectAdditions.m */,
				86D92D1B16B66F5E00519407 /* MSTEncoder.h */,
				86D92D1C16B66F5E00519407 /* MSTEncoder.m */,
				8600487716B681C000B0ED00 /* MSTETypes.h */,
				8600487C16B6BF4100B0ED00 /* MSCouple.h */,
				8600487D16B6BF4200B0ED00 /* MSCouple.m */,
				864DB68816B674B600DD3FA1 /* MSTDecoder.h */,
				864DB68916B674B600DD3FA1 /* MSTDecoder.m */,
				86D92D1516B66F5E00519407 /* Supporting Files */,
			);
			path = MSTEncoder;
			sourceTree = "<group>";
		};
		86D92D1516B66F5E00519407 /* Supporting Files */ = {
			isa = PBXGroup;
			children = (
				86D92D1616B66F5E00519407 /* MSTEncoder-Info.plist */,
				86D92D1716B66F5E00519407 /* InfoPlist.strings */,
				86D92D1A16B66F5E00519407 /* MSTEncoder-Prefix.pch */,
			);
			name = "Supporting Files";
			sourceTree = "<group>";
		};
/* End PBXGroup section */

/* Begin PBXHeadersBuildPhase section */
		86D92D0816B66F5E00519407 /* Headers */ = {
			isa = PBXHeadersBuildPhase;
			buildActionMask = 2147483647;
			files = (
				86EC126716B6736A0071C7DE /* MSTEncoder.h in Headers */,
				864DB68A16B674B600DD3FA1 /* MSTDecoder.h in Headers */,
				8600487816B681C000B0ED00 /* MSTETypes.h in Headers */,
				8600488016B6BF4200B0ED00 /* MSCouple.h in Headers */,
				86F9928316B7CCD500EF8BC8 /* MSObjectAdditions.h in Headers */,
				86F9928916B7E0E800EF8BC8 /* _MSColorPrivate.h in Headers */,
				86F9928A16B7E0E800EF8BC8 /* MSColor.h in Headers */,
			);
			runOnlyForDeploymentPostprocessing = 0;
		};
/* End PBXHeadersBuildPhase section */

/* Begin PBXNativeTarget section */
		86D92D0A16B66F5E00519407 /* MSTEncoder */ = {
			isa = PBXNativeTarget;
			buildConfigurationList = 86D92D2016B66F5E00519407 /* Build configuration list for PBXNativeTarget "MSTEncoder" */;
			buildPhases = (
				86D92D0616B66F5E00519407 /* Sources */,
				86D92D0716B66F5E00519407 /* Frameworks */,
				86D92D0816B66F5E00519407 /* Headers */,
				86D92D0916B66F5E00519407 /* Resources */,
			);
			buildRules = (
			);
			dependencies = (
			);
			name = MSTEncoder;
			productName = MSTEncoder;
			productReference = 86D92D0B16B66F5E00519407 /* MSTEncoder.framework */;
			productType = "com.apple.product-type.framework";
		};
/* End PBXNativeTarget section */

/* Begin PBXProject section */
		86D92D0116B66F5E00519407 /* Project object */ = {
			isa = PBXProject;
			attributes = {
				LastUpgradeCheck = 0450;
				ORGANIZATIONNAME = Logitud;
			};
			buildConfigurationList = 86D92D0416B66F5E00519407 /* Build configuration list for PBXProject "MSTEncoder" */;
			compatibilityVersion = "Xcode 3.2";
			developmentRegion = English;
			hasScannedForEncodings = 0;
			knownRegions = (
				en,
			);
			mainGroup = 86D92CFF16B66F5E00519407;
			productRefGroup = 86D92D0C16B66F5E00519407 /* Products */;
			projectDirPath = "";
			projectRoot = "";
			targets = (
				86D92D0A16B66F5E00519407 /* MSTEncoder */,
			);
		};
/* End PBXProject section */

/* Begin PBXResourcesBuildPhase section */
		86D92D0916B66F5E00519407 /* Resources */ = {
			isa = PBXResourcesBuildPhase;
			buildActionMask = 2147483647;
			files = (
				86D92D1916B66F5E00519407 /* InfoPlist.strings in Resources */,
			);
			runOnlyForDeploymentPostprocessing = 0;
		};
/* End PBXResourcesBuildPhase section */

/* Begin PBXSourcesBuildPhase section */
		86D92D0616B66F5E00519407 /* Sources */ = {
			isa = PBXSourcesBuildPhase;
			buildActionMask = 2147483647;
			files = (
				86D92D1D16B66F5E00519407 /* MSTEncoder.m in Sources */,
				864DB68B16B674B600DD3FA1 /* MSTDecoder.m in Sources */,
				8600488116B6BF4200B0ED00 /* MSCouple.m in Sources */,
				86F9928416B7CCD500EF8BC8 /* MSObjectAdditions.m in Sources */,
				86F9928B16B7E0E800EF8BC8 /* MSColor.m in Sources */,
			);
			runOnlyForDeploymentPostprocessing = 0;
		};
/* End PBXSourcesBuildPhase section */

/* Begin PBXVariantGroup section */
		86D92D1716B66F5E00519407 /* InfoPlist.strings */ = {
			isa = PBXVariantGroup;
			children = (
				86D92D1816B66F5E00519407 /* en */,
			);
			name = InfoPlist.strings;
			sourceTree = "<group>";
		};
/* End PBXVariantGroup section */

/* Begin XCBuildConfiguration section */
		86D92D1E16B66F5E00519407 /* Debug */ = {
			isa = XCBuildConfiguration;
			buildSettings = {
				ALWAYS_SEARCH_USER_PATHS = NO;
				ARCHS = "$(ARCHS_STANDARD_32_64_BIT)";
				CLANG_CXX_LANGUAGE_STANDARD = "gnu++0x";
				CLANG_CXX_LIBRARY = "libc++";
				CLANG_WARN_EMPTY_BODY = YES;
				CLANG_WARN__DUPLICATE_METHOD_MATCH = YES;
				COPY_PHASE_STRIP = NO;
				GCC_C_LANGUAGE_STANDARD = gnu99;
				GCC_DYNAMIC_NO_PIC = NO;
				GCC_ENABLE_OBJC_EXCEPTIONS = YES;
				GCC_OPTIMIZATION_LEVEL = 0;
				GCC_PREPROCESSOR_DEFINITIONS = (
					"DEBUG=1",
					"$(inherited)",
				);
				GCC_SYMBOLS_PRIVATE_EXTERN = NO;
				GCC_WARN_64_TO_32_BIT_CONVERSION = YES;
				GCC_WARN_ABOUT_RETURN_TYPE = YES;
				GCC_WARN_UNINITIALIZED_AUTOS = YES;
				GCC_WARN_UNUSED_VARIABLE = YES;
				MACOSX_DEPLOYMENT_TARGET = 10.7;
				ONLY_ACTIVE_ARCH = YES;
				SDKROOT = macosx10.7;
			};
			name = Debug;
		};
		86D92D1F16B66F5E00519407 /* Release */ = {
			isa = XCBuildConfiguration;
			buildSettings = {
				ALWAYS_SEARCH_USER_PATHS = NO;
				ARCHS = "$(ARCHS_STANDARD_32_64_BIT)";
				CLANG_CXX_LANGUAGE_STANDARD = "gnu++0x";
				CLANG_CXX_LIBRARY = "libc++";
				CLANG_WARN_EMPTY_BODY = YES;
				CLANG_WARN__DUPLICATE_METHOD_MATCH = YES;
				COPY_PHASE_STRIP = YES;
				DEBUG_INFORMATION_FORMAT = "dwarf-with-dsym";
				GCC_C_LANGUAGE_STANDARD = gnu99;
				GCC_ENABLE_OBJC_EXCEPTIONS = YES;
				GCC_WARN_64_TO_32_BIT_CONVERSION = YES;
				GCC_WARN_ABOUT_RETURN_TYPE = YES;
				GCC_WARN_UNINITIALIZED_AUTOS = YES;
				GCC_WARN_UNUSED_VARIABLE = YES;
				MACOSX_DEPLOYMENT_TARGET = 10.7;
				SDKROOT = macosx10.7;
			};
			name = Release;
		};
		86D92D2116B66F5E00519407 /* Debug */ = {
			isa = XCBuildConfiguration;
			buildSettings = {
				ALTERNATE_MODE = 755;
				ARCHS = "$(ARCHS_STANDARD_32_64_BIT)";
				COMBINE_HIDPI_IMAGES = YES;
				COPY_PHASE_STRIP = NO;
				DEPLOYMENT_LOCATION = YES;
				DEPLOYMENT_POSTPROCESSING = YES;
				DSTROOT = /;
				DYLIB_COMPATIBILITY_VERSION = 1;
				DYLIB_CURRENT_VERSION = 1;
				FRAMEWORK_VERSION = A;
				GCC_PRECOMPILE_PREFIX_HEADER = YES;
				GCC_PREFIX_HEADER = "MSTEncoder/MSTEncoder-Prefix.pch";
				INFOPLIST_FILE = "MSTEncoder/MSTEncoder-Info.plist";
				INSTALL_MODE_FLAG = 755;
				INSTALL_PATH = /Library/Frameworks;
				ONLY_ACTIVE_ARCH = YES;
				PRODUCT_NAME = "$(TARGET_NAME)";
				SDKROOT = macosx10.8;
				WRAPPER_EXTENSION = framework;
			};
			name = Debug;
		};
		86D92D2216B66F5E00519407 /* Release */ = {
			isa = XCBuildConfiguration;
			buildSettings = {
				ALTERNATE_MODE = 755;
				ARCHS = "$(ARCHS_STANDARD_32_64_BIT)";
				COMBINE_HIDPI_IMAGES = YES;
				COPY_PHASE_STRIP = NO;
				DEPLOYMENT_LOCATION = YES;
				DEPLOYMENT_POSTPROCESSING = YES;
				DSTROOT = /;
				DYLIB_COMPATIBILITY_VERSION = 1;
				DYLIB_CURRENT_VERSION = 1;
				FRAMEWORK_VERSION = A;
				GCC_PRECOMPILE_PREFIX_HEADER = YES;
				GCC_PREFIX_HEADER = "MSTEncoder/MSTEncoder-Prefix.pch";
				INFOPLIST_FILE = "MSTEncoder/MSTEncoder-Info.plist";
				INSTALL_MODE_FLAG = 755;
				INSTALL_PATH = /Library/Frameworks;
				ONLY_ACTIVE_ARCH = YES;
				PRODUCT_NAME = "$(TARGET_NAME)";
				SDKROOT = macosx10.8;
				WRAPPER_EXTENSION = framework;
			};
			name = Release;
		};
/* End XCBuildConfiguration section */

/* Begin XCConfigurationList section */
		86D92D0416B66F5E00519407 /* Build configuration list for PBXProject "MSTEncoder" */ = {
			isa = XCConfigurationList;
			buildConfigurations = (
				86D92D1E16B66F5E00519407 /* Debug */,
				86D92D1F16B66F5E00519407 /* Release */,
			);
			defaultConfigurationIsVisible = 0;
			defaultConfigurationName = Release;
		};
		86D92D2016B66F5E00519407 /* Build configuration list for PBXNativeTarget "MSTEncoder" */ = {
			isa = XCConfigurationList;
			buildConfigurations = (
				86D92D2116B66F5E00519407 /* Debug */,
				86D92D2216B66F5E00519407 /* Release */,
			);
			defaultConfigurationIsVisible = 0;
			defaultConfigurationName = Release;
		};
/* End XCConfigurationList section */
	};
	rootObject = 86D92D0116B66F5E00519407 /* Project object */;
}
